
Microsoft Visual Studio Solution File, Format Version 12.00
# Visual Studio 15
VisualStudioVersion = 15.0.28307.136
MinimumVisualStudioVersion = 10.0.40219.1
Project("{FAE04EC0-301F-11D3-BF4B-00C04F79EFBC}") = "OCR_IdentityCard", "OCR_IdentityCard\OCR_IdentityCard.csproj", "{D0D1EC0C-951B-438C-A73F-D1481FC96A85}"
EndProject
Global
	GlobalSection(SolutionConfigurationPlatforms) = preSolution
		Debug|Any CPU = Debug|Any CPU
		Release|Any CPU = Release|Any CPU
	EndGlobalSection
	GlobalSection(ProjectConfigurationPlatforms) = postSolution
		{D0D1EC0C-951B-438C-A73F-D1481FC96A85}.Debug|Any CPU.ActiveCfg = Debug|Any CPU
		{D0D1EC0C-951B-438C-A73F-D1481FC96A85}.Debug|Any CPU.Build.0 = Debug|Any CPU
		{D0D1EC0C-951B-438C-A73F-D1481FC96A85}.Release|Any CPU.ActiveCfg = Release|Any CPU
		{D0D1EC0C-951B-438C-A73F-D1481FC96A85}.Release|Any CPU.Build.0 = Release|Any CPU
	EndGlobalSection
	GlobalSection(SolutionProperties) = preSolution
		HideSolutionNode = FALSE
	EndGlobalSection
	GlobalSection(ExtensibilityGlobals) = postSolution
		SolutionGuid = {316246B7-F60F-45B1-B47B-6D71BCE4F761}
	EndGlobalSection
EndGlobal
